
Microsoft Visual Studio Solution File, Format Version 12.00
# Visual Studio Version 16
VisualStudioVersion = 16.0.31321.278
MinimumVisualStudioVersion = 10.0.40219.1
Project("{FAE04EC0-301F-11D3-BF4B-00C04F79EFBC}") = "Final Aisle Server", "Final Aisle Server\Final Aisle Server.csproj", "{9919177D-1035-465A-9563-9097A413541C}"
EndProject
Project("{FAE04EC0-301F-11D3-BF4B-00C04F79EFBC}") = "Final Aisle Shared", "Final Aisle Shared\Final Aisle Shared.csproj", "{046520F6-C7EB-429E-AEEC-020F697F002F}"
EndProject
Global
	GlobalSection(SolutionConfigurationPlatforms) = preSolution
		Debug|Any CPU = Debug|Any CPU
		Release|Any CPU = Release|Any CPU
	EndGlobalSection
	GlobalSection(ProjectConfigurationPlatforms) = postSolution
		{9919177D-1035-465A-9563-9097A413541C}.Debug|Any CPU.ActiveCfg = Debug|Any CPU
		{9919177D-1035-465A-9563-9097A413541C}.Debug|Any CPU.Build.0 = Debug|Any CPU
		{9919177D-1035-465A-9563-9097A413541C}.Release|Any CPU.ActiveCfg = Release|Any CPU
		{9919177D-1035-465A-9563-9097A413541C}.Release|Any CPU.Build.0 = Release|Any CPU
		{046520F6-C7EB-429E-AEEC-020F697F002F}.Debug|Any CPU.ActiveCfg = Debug|Any CPU
		{046520F6-C7EB-429E-AEEC-020F697F002F}.Debug|Any CPU.Build.0 = Debug|Any CPU
		{046520F6-C7EB-429E-AEEC-020F697F002F}.Release|Any CPU.ActiveCfg = Release|Any CPU
		{046520F6-C7EB-429E-AEEC-020F697F002F}.Release|Any CPU.Build.0 = Release|Any CPU
	EndGlobalSection
	GlobalSection(SolutionProperties) = preSolution
		HideSolutionNode = FALSE
	EndGlobalSection
	GlobalSection(ExtensibilityGlobals) = postSolution
		SolutionGuid = {C6A3654C-B327-4D26-A8E1-22EBAD155B77}
	EndGlobalSection
EndGlobal
